github.com/mitrickx/otus-algo-04-2020 v0.0.0-20200501103456-a8660d365468 h1:e10dIsI0GmunaAT4J/a3iOBj8lTBFC6eiWX6KzXTgQ4=
github.com/mitrickx/otus-algo-04-2020/tester v0.0.0-20200501103456-a8660d365468 h1:XKsF/9V7CXiovUr461H2zrzxXbmD8MM+JGq71BHKo44=
github.com/mitrickx/otus-algo-04-2020/tester v0.0.0-20200501103456-a8660d365468/go.mod h1:SH7jNLmMexnGSRwlu5jpPzC1Xv9DzIFYBgMdaeA9mQM=
